
Microsoft Visual Studio Solution File, Format Version 12.00
# Visual Studio 15
VisualStudioVersion = 15.0.27428.2011
MinimumVisualStudioVersion = 10.0.40219.1
Project("{FAE04EC0-301F-11D3-BF4B-00C04F79EFBC}") = "FormsMVVM.Android", "FormsMVVM\FormsMVVM.Android\FormsMVVM.Android.csproj", "{DED73FD0-386D-4B12-92AB-B21A38CF95FE}"
EndProject
Project("{D954291E-2A0B-460D-934E-DC6B0785DB48}") = "FormsMVVM", "FormsMVVM\FormsMVVM\FormsMVVM.shproj", "{FFF2F6B9-8556-4232-91CE-91E966D8B1C4}"
EndProject
Global
	GlobalSection(SharedMSBuildProjectFiles) = preSolution
		FormsMVVM\FormsMVVM\FormsMVVM.projitems*{ded73fd0-386d-4b12-92ab-b21a38cf95fe}*SharedItemsImports = 4
		FormsMVVM\FormsMVVM\FormsMVVM.projitems*{fff2f6b9-8556-4232-91ce-91e966d8b1c4}*SharedItemsImports = 13
	EndGlobalSection
	GlobalSection(SolutionConfigurationPlatforms) = preSolution
		Debug|Any CPU = Debug|Any CPU
		Release|Any CPU = Release|Any CPU
	EndGlobalSection
	GlobalSection(ProjectConfigurationPlatforms) = postSolution
		{DED73FD0-386D-4B12-92AB-B21A38CF95FE}.Debug|Any CPU.ActiveCfg = Debug|Any CPU
		{DED73FD0-386D-4B12-92AB-B21A38CF95FE}.Debug|Any CPU.Build.0 = Debug|Any CPU
		{DED73FD0-386D-4B12-92AB-B21A38CF95FE}.Debug|Any CPU.Deploy.0 = Debug|Any CPU
		{DED73FD0-386D-4B12-92AB-B21A38CF95FE}.Release|Any CPU.ActiveCfg = Release|Any CPU
		{DED73FD0-386D-4B12-92AB-B21A38CF95FE}.Release|Any CPU.Build.0 = Release|Any CPU
		{DED73FD0-386D-4B12-92AB-B21A38CF95FE}.Release|Any CPU.Deploy.0 = Release|Any CPU
	EndGlobalSection
	GlobalSection(SolutionProperties) = preSolution
		HideSolutionNode = FALSE
	EndGlobalSection
	GlobalSection(ExtensibilityGlobals) = postSolution
		SolutionGuid = {54540B35-888A-4172-9ECF-C0315FC5E51B}
	EndGlobalSection
EndGlobal
